
Microsoft Visual Studio Solution File, Format Version 12.00
# Visual Studio 15
VisualStudioVersion = 15.0.28307.572
MinimumVisualStudioVersion = 10.0.40219.1
Project("{9A19103F-16F7-4668-BE54-9A1E7A4F7556}") = "QueryBuilder", "QueryBuilder\QueryBuilder.csproj", "{1FFBFFD6-EFE5-496E-B4A9-C077D0B9F16E}"
EndProject
Global
	GlobalSection(SolutionConfigurationPlatforms) = preSolution
		Debug|Any CPU = Debug|Any CPU
		Release|Any CPU = Release|Any CPU
	EndGlobalSection
	GlobalSection(ProjectConfigurationPlatforms) = postSolution
		{1FFBFFD6-EFE5-496E-B4A9-C077D0B9F16E}.Debug|Any CPU.ActiveCfg = Debug|Any CPU
		{1FFBFFD6-EFE5-496E-B4A9-C077D0B9F16E}.Debug|Any CPU.Build.0 = Debug|Any CPU
		{1FFBFFD6-EFE5-496E-B4A9-C077D0B9F16E}.Release|Any CPU.ActiveCfg = Release|Any CPU
		{1FFBFFD6-EFE5-496E-B4A9-C077D0B9F16E}.Release|Any CPU.Build.0 = Release|Any CPU
	EndGlobalSection
	GlobalSection(SolutionProperties) = preSolution
		HideSolutionNode = FALSE
	EndGlobalSection
	GlobalSection(ExtensibilityGlobals) = postSolution
		SolutionGuid = {B9251124-689C-45E5-A46F-40659D268445}
	EndGlobalSection
EndGlobal
